
Microsoft Visual Studio Solution File, Format Version 12.00
# Visual Studio Version 17
VisualStudioVersion = 17.5.002.0
MinimumVisualStudioVersion = 10.0.40219.1
Project("{9A19103F-16F7-4668-BE54-9A1E7A4F7556}") = "api", "api\api.csproj", "{7E2B180C-BA92-4F6D-93E2-ABFDA85F7767}"
EndProject
Project("{9A19103F-16F7-4668-BE54-9A1E7A4F7556}") = "lightspeedtyping", "src\lightspeedtyping.csproj", "{F8F12EE9-6508-4FD0-A6AB-612AA7D44FA8}"
EndProject
Project("{9A19103F-16F7-4668-BE54-9A1E7A4F7556}") = "test", "test\test.csproj", "{756215ED-37CC-4F7C-9C6A-D89E1CF470E6}"
EndProject
Project("{2150E333-8FDC-42A3-9474-1A3956D46DE8}") = "api (1)", "api", "{BD778010-8451-4E94-9F64-0283D4EA8686}"
EndProject
Project("{2150E333-8FDC-42A3-9474-1A3956D46DE8}") = "obj", "obj", "{4473081F-937C-4353-A271-9FC9535925C6}"
EndProject
Project("{2150E333-8FDC-42A3-9474-1A3956D46DE8}") = "Debug", "Debug", "{9F186522-9C89-44C1-A7BD-7F9B34E60F92}"
EndProject
Project("{2150E333-8FDC-42A3-9474-1A3956D46DE8}") = "net8.0", "net8.0", "{9BAEBB7B-D785-4A5F-8BB5-5FE170E0C571}"
EndProject
Project("{9A19103F-16F7-4668-BE54-9A1E7A4F7556}") = "WorkerExtensions", "api\obj\Debug\net8.0\WorkerExtensions\WorkerExtensions.csproj", "{AB660D7B-B754-4CD1-BD13-DD3771FDB40A}"
EndProject
Project("{2150E333-8FDC-42A3-9474-1A3956D46DE8}") = "Release", "Release", "{7662B38E-624D-4989-A4FA-F61CAA714B4C}"
EndProject
Project("{2150E333-8FDC-42A3-9474-1A3956D46DE8}") = "net8.0", "net8.0", "{7E414743-D06F-422D-A470-E95C8EC8E9B8}"
EndProject
Project("{9A19103F-16F7-4668-BE54-9A1E7A4F7556}") = "WorkerExtensions", "api\obj\Release\net8.0\WorkerExtensions\WorkerExtensions.csproj", "{3FEB862D-EF05-43AF-9A71-98EB3E5E0691}"
EndProject
Global
	GlobalSection(SolutionConfigurationPlatforms) = preSolution
		Debug|Any CPU = Debug|Any CPU
		Release|Any CPU = Release|Any CPU
	EndGlobalSection
	GlobalSection(ProjectConfigurationPlatforms) = postSolution
		{7E2B180C-BA92-4F6D-93E2-ABFDA85F7767}.Debug|Any CPU.ActiveCfg = Debug|Any CPU
		{7E2B180C-BA92-4F6D-93E2-ABFDA85F7767}.Debug|Any CPU.Build.0 = Debug|Any CPU
		{7E2B180C-BA92-4F6D-93E2-ABFDA85F7767}.Release|Any CPU.ActiveCfg = Release|Any CPU
		{7E2B180C-BA92-4F6D-93E2-ABFDA85F7767}.Release|Any CPU.Build.0 = Release|Any CPU
		{F8F12EE9-6508-4FD0-A6AB-612AA7D44FA8}.Debug|Any CPU.ActiveCfg = Debug|Any CPU
		{F8F12EE9-6508-4FD0-A6AB-612AA7D44FA8}.Debug|Any CPU.Build.0 = Debug|Any CPU
		{F8F12EE9-6508-4FD0-A6AB-612AA7D44FA8}.Release|Any CPU.ActiveCfg = Release|Any CPU
		{F8F12EE9-6508-4FD0-A6AB-612AA7D44FA8}.Release|Any CPU.Build.0 = Release|Any CPU
		{756215ED-37CC-4F7C-9C6A-D89E1CF470E6}.Debug|Any CPU.ActiveCfg = Debug|Any CPU
		{756215ED-37CC-4F7C-9C6A-D89E1CF470E6}.Debug|Any CPU.Build.0 = Debug|Any CPU
		{756215ED-37CC-4F7C-9C6A-D89E1CF470E6}.Release|Any CPU.ActiveCfg = Release|Any CPU
		{756215ED-37CC-4F7C-9C6A-D89E1CF470E6}.Release|Any CPU.Build.0 = Release|Any CPU
		{AB660D7B-B754-4CD1-BD13-DD3771FDB40A}.Debug|Any CPU.ActiveCfg = Debug|Any CPU
		{AB660D7B-B754-4CD1-BD13-DD3771FDB40A}.Debug|Any CPU.Build.0 = Debug|Any CPU
		{AB660D7B-B754-4CD1-BD13-DD3771FDB40A}.Release|Any CPU.ActiveCfg = Release|Any CPU
		{AB660D7B-B754-4CD1-BD13-DD3771FDB40A}.Release|Any CPU.Build.0 = Release|Any CPU
		{3FEB862D-EF05-43AF-9A71-98EB3E5E0691}.Debug|Any CPU.ActiveCfg = Debug|Any CPU
		{3FEB862D-EF05-43AF-9A71-98EB3E5E0691}.Debug|Any CPU.Build.0 = Debug|Any CPU
		{3FEB862D-EF05-43AF-9A71-98EB3E5E0691}.Release|Any CPU.ActiveCfg = Release|Any CPU
		{3FEB862D-EF05-43AF-9A71-98EB3E5E0691}.Release|Any CPU.Build.0 = Release|Any CPU
	EndGlobalSection
	GlobalSection(SolutionProperties) = preSolution
		HideSolutionNode = FALSE
	EndGlobalSection
	GlobalSection(NestedProjects) = preSolution
		{4473081F-937C-4353-A271-9FC9535925C6} = {BD778010-8451-4E94-9F64-0283D4EA8686}
		{9F186522-9C89-44C1-A7BD-7F9B34E60F92} = {4473081F-937C-4353-A271-9FC9535925C6}
		{9BAEBB7B-D785-4A5F-8BB5-5FE170E0C571} = {9F186522-9C89-44C1-A7BD-7F9B34E60F92}
		{AB660D7B-B754-4CD1-BD13-DD3771FDB40A} = {9BAEBB7B-D785-4A5F-8BB5-5FE170E0C571}
		{7662B38E-624D-4989-A4FA-F61CAA714B4C} = {4473081F-937C-4353-A271-9FC9535925C6}
		{7E414743-D06F-422D-A470-E95C8EC8E9B8} = {7662B38E-624D-4989-A4FA-F61CAA714B4C}
		{3FEB862D-EF05-43AF-9A71-98EB3E5E0691} = {7E414743-D06F-422D-A470-E95C8EC8E9B8}
	EndGlobalSection
	GlobalSection(ExtensibilityGlobals) = postSolution
		SolutionGuid = {590732E0-CC7B-4C75-BACB-4BBE4CF4DC7A}
	EndGlobalSection
EndGlobal
